
Microsoft Visual Studio Solution File, Format Version 12.00
# Visual Studio Version 16
VisualStudioVersion = 16.0.28407.52
MinimumVisualStudioVersion = 10.0.40219.1
Project("{FAE04EC0-301F-11D3-BF4B-00C04F79EFBC}") = "QuickSaveLoadMod", "QuickSaveLoadMod\QuickSaveLoadMod.csproj", "{D0DBAA21-8F61-43C7-AF4C-51740EB13647}"
EndProject
Global
	GlobalSection(SolutionConfigurationPlatforms) = preSolution
		Debug|Any CPU = Debug|Any CPU
		Release|Any CPU = Release|Any CPU
	EndGlobalSection
	GlobalSection(ProjectConfigurationPlatforms) = postSolution
		{D0DBAA21-8F61-43C7-AF4C-51740EB13647}.Debug|Any CPU.ActiveCfg = Debug|Any CPU
		{D0DBAA21-8F61-43C7-AF4C-51740EB13647}.Debug|Any CPU.Build.0 = Debug|Any CPU
		{D0DBAA21-8F61-43C7-AF4C-51740EB13647}.Release|Any CPU.ActiveCfg = Release|Any CPU
		{D0DBAA21-8F61-43C7-AF4C-51740EB13647}.Release|Any CPU.Build.0 = Release|Any CPU
	EndGlobalSection
	GlobalSection(SolutionProperties) = preSolution
		HideSolutionNode = FALSE
	EndGlobalSection
	GlobalSection(ExtensibilityGlobals) = postSolution
		SolutionGuid = {590BC2A3-3961-409D-9B0A-D4D6070023F2}
	EndGlobalSection
EndGlobal
